// !$*UTF8*$!
{
	archiveVersion = 1;
	classes = {
	};
	objectVersion = 50;
	objects = {

/* Begin PBXBuildFile section */
		25094136246AB37C0045F135 /* BigStructureCell.swift in Sources */ = {isa = PBXBuildFile; fileRef = 25094135246AB37C0045F135 /* BigStructureCell.swift */; };
		25094138246AEC5A0045F135 /* ResultsViewController.swift in Sources */ = {isa = PBXBuildFile; fileRef = 25094137246AEC5A0045F135 /* ResultsViewController.swift */; };
		250C253B247529CD000F834D /* ReviewCell.swift in Sources */ = {isa = PBXBuildFile; fileRef = 250C253A247529CD000F834D /* ReviewCell.swift */; };
		250C253D24754392000F834D /* ReviewDetailViewController.swift in Sources */ = {isa = PBXBuildFile; fileRef = 250C253C24754392000F834D /* ReviewDetailViewController.swift */; };
		25167373247456C70096FC5D /* StructureDetailViewController.swift in Sources */ = {isa = PBXBuildFile; fileRef = 25167372247456C70096FC5D /* StructureDetailViewController.swift */; };
		2517B4A82473E8E90067B3DB /* HomeTableViewController.swift in Sources */ = {isa = PBXBuildFile; fileRef = 2517B4A72473E8E90067B3DB /* HomeTableViewController.swift */; };
		253B8E522473C5B700C346F2 /* LittleStructureCell.swift in Sources */ = {isa = PBXBuildFile; fileRef = 253B8E512473C5B700C346F2 /* LittleStructureCell.swift */; };
		25517CCA24AB30DD00A9756E /* AccessViewController.swift in Sources */ = {isa = PBXBuildFile; fileRef = 25517CC924AB30DD00A9756E /* AccessViewController.swift */; };
		25517CCC24AB329700A9756E /* AccessController.swift in Sources */ = {isa = PBXBuildFile; fileRef = 25517CCB24AB329700A9756E /* AccessController.swift */; };
		25517CCE24AB354700A9756E /* AccessDAOProtocol.swift in Sources */ = {isa = PBXBuildFile; fileRef = 25517CCD24AB354700A9756E /* AccessDAOProtocol.swift */; };
		25517CD224AB35A600A9756E /* AccessDAOAWSElasticBeanstalkImpl.swift in Sources */ = {isa = PBXBuildFile; fileRef = 25517CD124AB35A600A9756E /* AccessDAOAWSElasticBeanstalkImpl.swift */; };
		255719B0246E9F0C00F463C8 /* SF-Pro-Display-Semibold.otf in Resources */ = {isa = PBXBuildFile; fileRef = 255719AF246E9F0C00F463C8 /* SF-Pro-Display-Semibold.otf */; };
		255719B2246E9F1600F463C8 /* SF-Pro-Display-Bold.otf in Resources */ = {isa = PBXBuildFile; fileRef = 255719B1246E9F1600F463C8 /* SF-Pro-Display-Bold.otf */; };
		2560E17F246BFD36001669A3 /* ShadowRoundedImageView.swift in Sources */ = {isa = PBXBuildFile; fileRef = 2560E17E246BFD36001669A3 /* ShadowRoundedImageView.swift */; };
		2560EDFD24A2098100464536 /* SearchFilterController.swift in Sources */ = {isa = PBXBuildFile; fileRef = 2560EDFC24A2098100464536 /* SearchFilterController.swift */; };
		2584B6B4247BB59200F2B007 /* ReviewDAOProtocol.swift in Sources */ = {isa = PBXBuildFile; fileRef = 2584B6B3247BB59200F2B007 /* ReviewDAOProtocol.swift */; };
		2584B6B6247BB5B900F2B007 /* ReviewDAOAWSElasticBeanstalkImpl.swift in Sources */ = {isa = PBXBuildFile; fileRef = 2584B6B5247BB5B900F2B007 /* ReviewDAOAWSElasticBeanstalkImpl.swift */; };
		2584B6B8247BB5E100F2B007 /* UserDAOProtocol.swift in Sources */ = {isa = PBXBuildFile; fileRef = 2584B6B7247BB5E100F2B007 /* UserDAOProtocol.swift */; };
		2584B6BA247BB5F900F2B007 /* UserDAOAWSElasticBeanstalkImpl.swift in Sources */ = {isa = PBXBuildFile; fileRef = 2584B6B9247BB5F900F2B007 /* UserDAOAWSElasticBeanstalkImpl.swift */; };
		259029E324795B91008B0C40 /* UIImageCodable.swift in Sources */ = {isa = PBXBuildFile; fileRef = 259029E224795B91008B0C40 /* UIImageCodable.swift */; };
		2592BACC246AAD4200F220C3 /* AppDelegate.swift in Sources */ = {isa = PBXBuildFile; fileRef = 2592BACB246AAD4200F220C3 /* AppDelegate.swift */; };
		2592BACE246AAD4200F220C3 /* SceneDelegate.swift in Sources */ = {isa = PBXBuildFile; fileRef = 2592BACD246AAD4200F220C3 /* SceneDelegate.swift */; };
		2592BAD3246AAD4200F220C3 /* Main.storyboard in Resources */ = {isa = PBXBuildFile; fileRef = 2592BAD1246AAD4200F220C3 /* Main.storyboard */; };
		2592BAD5246AAD4300F220C3 /* Assets.xcassets in Resources */ = {isa = PBXBuildFile; fileRef = 2592BAD4246AAD4300F220C3 /* Assets.xcassets */; };
		2592BAD8246AAD4300F220C3 /* LaunchScreen.storyboard in Resources */ = {isa = PBXBuildFile; fileRef = 2592BAD6246AAD4300F220C3 /* LaunchScreen.storyboard */; };
		2597F09E24766F7800A7E2D5 /* DAOFactory.swift in Sources */ = {isa = PBXBuildFile; fileRef = 2597F09D24766F7800A7E2D5 /* DAOFactory.swift */; };
		2597F0A02476700D00A7E2D5 /* StructureDAOAWSElasticBeanstalkImpl.swift in Sources */ = {isa = PBXBuildFile; fileRef = 2597F09F2476700D00A7E2D5 /* StructureDAOAWSElasticBeanstalkImpl.swift */; };
		2597F0A22476702800A7E2D5 /* StructureDAOProtocol.swift in Sources */ = {isa = PBXBuildFile; fileRef = 2597F0A12476702800A7E2D5 /* StructureDAOProtocol.swift */; };
		2597F0A42476821A00A7E2D5 /* Structure.swift in Sources */ = {isa = PBXBuildFile; fileRef = 2597F0A32476821A00A7E2D5 /* Structure.swift */; };
		25ED3A53246F0D9500A1FBA8 /* HomeController.swift in Sources */ = {isa = PBXBuildFile; fileRef = 25ED3A52246F0D9500A1FBA8 /* HomeController.swift */; };
		25ED3A55246F0DA100A1FBA8 /* ResultsController.swift in Sources */ = {isa = PBXBuildFile; fileRef = 25ED3A54246F0DA100A1FBA8 /* ResultsController.swift */; };
		25ED3A57246F0DAF00A1FBA8 /* StructureDetailController.swift in Sources */ = {isa = PBXBuildFile; fileRef = 25ED3A56246F0DAF00A1FBA8 /* StructureDetailController.swift */; };
		25ED3A5B246F0F9700A1FBA8 /* Review.swift in Sources */ = {isa = PBXBuildFile; fileRef = 25ED3A5A246F0F9700A1FBA8 /* Review.swift */; };
		25ED3A5D246F0FA000A1FBA8 /* User.swift in Sources */ = {isa = PBXBuildFile; fileRef = 25ED3A5C246F0FA000A1FBA8 /* User.swift */; };
		D53A5F652482B7F800B67C8C /* SearchFilterViewController.swift in Sources */ = {isa = PBXBuildFile; fileRef = D53A5F642482B7F800B67C8C /* SearchFilterViewController.swift */; };
		D53A5F672482BC0800B67C8C /* WebViewController.swift in Sources */ = {isa = PBXBuildFile; fileRef = D53A5F662482BC0800B67C8C /* WebViewController.swift */; };
		D53A5F692482BDEA00B67C8C /* Singleton.swift in Sources */ = {isa = PBXBuildFile; fileRef = D53A5F682482BDEA00B67C8C /* Singleton.swift */; };
		D54EC28324A0C602005AB51A /* TravelAppMobileTests.swift in Sources */ = {isa = PBXBuildFile; fileRef = D54EC28224A0C602005AB51A /* TravelAppMobileTests.swift */; };
		D54EC28B24A0C630005AB51A /* GeneralReusables.swift in Sources */ = {isa = PBXBuildFile; fileRef = D54EC28A24A0C630005AB51A /* GeneralReusables.swift */; };
		D54EC28E24A0C713005AB51A /* GeneralReusables.swift in Sources */ = {isa = PBXBuildFile; fileRef = D54EC28A24A0C630005AB51A /* GeneralReusables.swift */; };
		D5F68470247D721C00FA5F58 /* ProfileViewController.swift in Sources */ = {isa = PBXBuildFile; fileRef = D5F6846F247D721C00FA5F58 /* ProfileViewController.swift */; };
/* End PBXBuildFile section */

/* Begin PBXContainerItemProxy section */
		D54EC28524A0C602005AB51A /* PBXContainerItemProxy */ = {
			isa = PBXContainerItemProxy;
			containerPortal = 2592BAC0246AAD4200F220C3 /* Project object */;
			proxyType = 1;
			remoteGlobalIDString = 2592BAC7246AAD4200F220C3;
			remoteInfo = TravelAppMobile;
		};
/* End PBXContainerItemProxy section */

/* Begin PBXFileReference section */
		25094135246AB37C0045F135 /* BigStructureCell.swift */ = {isa = PBXFileReference; lastKnownFileType = sourcecode.swift; path = BigStructureCell.swift; sourceTree = "<group>"; };
		25094137246AEC5A0045F135 /* ResultsViewController.swift */ = {isa = PBXFileReference; lastKnownFileType = sourcecode.swift; path = ResultsViewController.swift; sourceTree = "<group>"; };
		250C253A247529CD000F834D /* ReviewCell.swift */ = {isa = PBXFileReference; lastKnownFileType = sourcecode.swift; path = ReviewCell.swift; sourceTree = "<group>"; };
		250C253C24754392000F834D /* ReviewDetailViewController.swift */ = {isa = PBXFileReference; lastKnownFileType = sourcecode.swift; path = ReviewDetailViewController.swift; sourceTree = "<group>"; };
		25167372247456C70096FC5D /* StructureDetailViewController.swift */ = {isa = PBXFileReference; lastKnownFileType = sourcecode.swift; path = StructureDetailViewController.swift; sourceTree = "<group>"; };
		2517B4A72473E8E90067B3DB /* HomeTableViewController.swift */ = {isa = PBXFileReference; lastKnownFileType = sourcecode.swift; path = HomeTableViewController.swift; sourceTree = "<group>"; };
		253B8E512473C5B700C346F2 /* LittleStructureCell.swift */ = {isa = PBXFileReference; lastKnownFileType = sourcecode.swift; path = LittleStructureCell.swift; sourceTree = "<group>"; };
		25517CC924AB30DD00A9756E /* AccessViewController.swift */ = {isa = PBXFileReference; lastKnownFileType = sourcecode.swift; path = AccessViewController.swift; sourceTree = "<group>"; };
		25517CCB24AB329700A9756E /* AccessController.swift */ = {isa = PBXFileReference; lastKnownFileType = sourcecode.swift; path = AccessController.swift; sourceTree = "<group>"; };
		25517CCD24AB354700A9756E /* AccessDAOProtocol.swift */ = {isa = PBXFileReference; lastKnownFileType = sourcecode.swift; path = AccessDAOProtocol.swift; sourceTree = "<group>"; };
		25517CD124AB35A600A9756E /* AccessDAOAWSElasticBeanstalkImpl.swift */ = {isa = PBXFileReference; lastKnownFileType = sourcecode.swift; path = AccessDAOAWSElasticBeanstalkImpl.swift; sourceTree = "<group>"; };
		255719AF246E9F0C00F463C8 /* SF-Pro-Display-Semibold.otf */ = {isa = PBXFileReference; lastKnownFileType = file; path = "SF-Pro-Display-Semibold.otf"; sourceTree = "<group>"; };
		255719B1246E9F1600F463C8 /* SF-Pro-Display-Bold.otf */ = {isa = PBXFileReference; lastKnownFileType = file; path = "SF-Pro-Display-Bold.otf"; sourceTree = "<group>"; };
		2560E17E246BFD36001669A3 /* ShadowRoundedImageView.swift */ = {isa = PBXFileReference; lastKnownFileType = sourcecode.swift; path = ShadowRoundedImageView.swift; sourceTree = "<group>"; };
		2560EDFC24A2098100464536 /* SearchFilterController.swift */ = {isa = PBXFileReference; lastKnownFileType = sourcecode.swift; path = SearchFilterController.swift; sourceTree = "<group>"; };
		2584B6B3247BB59200F2B007 /* ReviewDAOProtocol.swift */ = {isa = PBXFileReference; lastKnownFileType = sourcecode.swift; path = ReviewDAOProtocol.swift; sourceTree = "<group>"; };
		2584B6B5247BB5B900F2B007 /* ReviewDAOAWSElasticBeanstalkImpl.swift */ = {isa = PBXFileReference; lastKnownFileType = sourcecode.swift; path = ReviewDAOAWSElasticBeanstalkImpl.swift; sourceTree = "<group>"; };
		2584B6B7247BB5E100F2B007 /* UserDAOProtocol.swift */ = {isa = PBXFileReference; lastKnownFileType = sourcecode.swift; path = UserDAOProtocol.swift; sourceTree = "<group>"; };
		2584B6B9247BB5F900F2B007 /* UserDAOAWSElasticBeanstalkImpl.swift */ = {isa = PBXFileReference; lastKnownFileType = sourcecode.swift; path = UserDAOAWSElasticBeanstalkImpl.swift; sourceTree = "<group>"; };
		259029E224795B91008B0C40 /* UIImageCodable.swift */ = {isa = PBXFileReference; lastKnownFileType = sourcecode.swift; path = UIImageCodable.swift; sourceTree = "<group>"; };
		2592BAC8246AAD4200F220C3 /* TravelAppMobile.app */ = {isa = PBXFileReference; explicitFileType = wrapper.application; includeInIndex = 0; path = TravelAppMobile.app; sourceTree = BUILT_PRODUCTS_DIR; };
		2592BACB246AAD4200F220C3 /* AppDelegate.swift */ = {isa = PBXFileReference; lastKnownFileType = sourcecode.swift; path = AppDelegate.swift; sourceTree = "<group>"; };
		2592BACD246AAD4200F220C3 /* SceneDelegate.swift */ = {isa = PBXFileReference; lastKnownFileType = sourcecode.swift; path = SceneDelegate.swift; sourceTree = "<group>"; };
		2592BAD2246AAD4200F220C3 /* Base */ = {isa = PBXFileReference; lastKnownFileType = file.storyboard; name = Base; path = Base.lproj/Main.storyboard; sourceTree = "<group>"; };
		2592BAD4246AAD4300F220C3 /* Assets.xcassets */ = {isa = PBXFileReference; lastKnownFileType = folder.assetcatalog; path = Assets.xcassets; sourceTree = "<group>"; };
		2592BAD7246AAD4300F220C3 /* Base */ = {isa = PBXFileReference; lastKnownFileType = file.storyboard; name = Base; path = Base.lproj/LaunchScreen.storyboard; sourceTree = "<group>"; };
		2592BAD9246AAD4300F220C3 /* Info.plist */ = {isa = PBXFileReference; lastKnownFileType = text.plist.xml; path = Info.plist; sourceTree = "<group>"; };
		2597F09D24766F7800A7E2D5 /* DAOFactory.swift */ = {isa = PBXFileReference; lastKnownFileType = sourcecode.swift; path = DAOFactory.swift; sourceTree = "<group>"; };
		2597F09F2476700D00A7E2D5 /* StructureDAOAWSElasticBeanstalkImpl.swift */ = {isa = PBXFileReference; lastKnownFileType = sourcecode.swift; path = StructureDAOAWSElasticBeanstalkImpl.swift; sourceTree = "<group>"; };
		2597F0A12476702800A7E2D5 /* StructureDAOProtocol.swift */ = {isa = PBXFileReference; lastKnownFileType = sourcecode.swift; path = StructureDAOProtocol.swift; sourceTree = "<group>"; };
		2597F0A32476821A00A7E2D5 /* Structure.swift */ = {isa = PBXFileReference; lastKnownFileType = sourcecode.swift; path = Structure.swift; sourceTree = "<group>"; };
		25ED3A52246F0D9500A1FBA8 /* HomeController.swift */ = {isa = PBXFileReference; lastKnownFileType = sourcecode.swift; path = HomeController.swift; sourceTree = "<group>"; };
		25ED3A54246F0DA100A1FBA8 /* ResultsController.swift */ = {isa = PBXFileReference; lastKnownFileType = sourcecode.swift; path = ResultsController.swift; sourceTree = "<group>"; };
		25ED3A56246F0DAF00A1FBA8 /* StructureDetailController.swift */ = {isa = PBXFileReference; lastKnownFileType = sourcecode.swift; path = StructureDetailController.swift; sourceTree = "<group>"; };
		25ED3A5A246F0F9700A1FBA8 /* Review.swift */ = {isa = PBXFileReference; lastKnownFileType = sourcecode.swift; path = Review.swift; sourceTree = "<group>"; };
		25ED3A5C246F0FA000A1FBA8 /* User.swift */ = {isa = PBXFileReference; lastKnownFileType = sourcecode.swift; path = User.swift; sourceTree = "<group>"; };
		D53A5F642482B7F800B67C8C /* SearchFilterViewController.swift */ = {isa = PBXFileReference; lastKnownFileType = sourcecode.swift; path = SearchFilterViewController.swift; sourceTree = "<group>"; };
		D53A5F662482BC0800B67C8C /* WebViewController.swift */ = {isa = PBXFileReference; lastKnownFileType = sourcecode.swift; path = WebViewController.swift; sourceTree = "<group>"; };
		D53A5F682482BDEA00B67C8C /* Singleton.swift */ = {isa = PBXFileReference; lastKnownFileType = sourcecode.swift; path = Singleton.swift; sourceTree = "<group>"; };
		D54EC28024A0C602005AB51A /* TravelAppMobileTests.xctest */ = {isa = PBXFileReference; explicitFileType = wrapper.cfbundle; includeInIndex = 0; path = TravelAppMobileTests.xctest; sourceTree = BUILT_PRODUCTS_DIR; };
		D54EC28224A0C602005AB51A /* TravelAppMobileTests.swift */ = {isa = PBXFileReference; lastKnownFileType = sourcecode.swift; path = TravelAppMobileTests.swift; sourceTree = "<group>"; };
		D54EC28424A0C602005AB51A /* Info.plist */ = {isa = PBXFileReference; lastKnownFileType = text.plist.xml; path = Info.plist; sourceTree = "<group>"; };
		D54EC28A24A0C630005AB51A /* GeneralReusables.swift */ = {isa = PBXFileReference; lastKnownFileType = sourcecode.swift; path = GeneralReusables.swift; sourceTree = "<group>"; };
		D5F6846F247D721C00FA5F58 /* ProfileViewController.swift */ = {isa = PBXFileReference; lastKnownFileType = sourcecode.swift; path = ProfileViewController.swift; sourceTree = "<group>"; };
/* End PBXFileReference section */

/* Begin PBXFrameworksBuildPhase section */
		2592BAC5246AAD4200F220C3 /* Frameworks */ = {
			isa = PBXFrameworksBuildPhase;
			buildActionMask = 2147483647;
			files = (
			);
			runOnlyForDeploymentPostprocessing = 0;
		};
		D54EC27D24A0C602005AB51A /* Frameworks */ = {
			isa = PBXFrameworksBuildPhase;
			buildActionMask = 2147483647;
			files = (
			);
			runOnlyForDeploymentPostprocessing = 0;
		};
/* End PBXFrameworksBuildPhase section */

/* Begin PBXGroup section */
		255719AE246E9EC200F463C8 /* Fonts */ = {
			isa = PBXGroup;
			children = (
				255719AF246E9F0C00F463C8 /* SF-Pro-Display-Semibold.otf */,
				255719B1246E9F1600F463C8 /* SF-Pro-Display-Bold.otf */,
			);
			path = Fonts;
			sourceTree = "<group>";
		};
		2560E17D246BFD08001669A3 /* SubClass */ = {
			isa = PBXGroup;
			children = (
				2560E17E246BFD36001669A3 /* ShadowRoundedImageView.swift */,
				25094135246AB37C0045F135 /* BigStructureCell.swift */,
				253B8E512473C5B700C346F2 /* LittleStructureCell.swift */,
				250C253A247529CD000F834D /* ReviewCell.swift */,
				259029E224795B91008B0C40 /* UIImageCodable.swift */,
			);
			path = SubClass;
			sourceTree = "<group>";
		};
		2588A94E246D3BBD00F6789C /* View */ = {
			isa = PBXGroup;
			children = (
				2517B4A72473E8E90067B3DB /* HomeTableViewController.swift */,
				25094137246AEC5A0045F135 /* ResultsViewController.swift */,
				25167372247456C70096FC5D /* StructureDetailViewController.swift */,
				250C253C24754392000F834D /* ReviewDetailViewController.swift */,
				D5F6846F247D721C00FA5F58 /* ProfileViewController.swift */,
				D53A5F642482B7F800B67C8C /* SearchFilterViewController.swift */,
				D53A5F662482BC0800B67C8C /* WebViewController.swift */,
				D53A5F682482BDEA00B67C8C /* Singleton.swift */,
				25517CC924AB30DD00A9756E /* AccessViewController.swift */,
			);
			path = View;
			sourceTree = "<group>";
		};
		2588A94F246D3BCA00F6789C /* Model */ = {
			isa = PBXGroup;
			children = (
				2597F0A32476821A00A7E2D5 /* Structure.swift */,
				25ED3A5A246F0F9700A1FBA8 /* Review.swift */,
				25ED3A5C246F0FA000A1FBA8 /* User.swift */,
			);
			path = Model;
			sourceTree = "<group>";
		};
		2588A950246D3BD000F6789C /* Controller */ = {
			isa = PBXGroup;
			children = (
				25ED3A52246F0D9500A1FBA8 /* HomeController.swift */,
				25ED3A54246F0DA100A1FBA8 /* ResultsController.swift */,
				25ED3A56246F0DAF00A1FBA8 /* StructureDetailController.swift */,
				D54EC28A24A0C630005AB51A /* GeneralReusables.swift */,
				2560EDFC24A2098100464536 /* SearchFilterController.swift */,
				25517CCB24AB329700A9756E /* AccessController.swift */,
			);
			path = Controller;
			sourceTree = "<group>";
		};
		2592BABF246AAD4200F220C3 = {
			isa = PBXGroup;
			children = (
				2592BACA246AAD4200F220C3 /* TravelAppMobile */,
				D54EC28124A0C602005AB51A /* TravelAppMobileTests */,
				2592BAC9246AAD4200F220C3 /* Products */,
			);
			sourceTree = "<group>";
		};
		2592BAC9246AAD4200F220C3 /* Products */ = {
			isa = PBXGroup;
			children = (
				2592BAC8246AAD4200F220C3 /* TravelAppMobile.app */,
				D54EC28024A0C602005AB51A /* TravelAppMobileTests.xctest */,
			);
			name = Products;
			sourceTree = "<group>";
		};
		2592BACA246AAD4200F220C3 /* TravelAppMobile */ = {
			isa = PBXGroup;
			children = (
				2592BAD4246AAD4300F220C3 /* Assets.xcassets */,
				2592BAD9246AAD4300F220C3 /* Info.plist */,
				2592BACB246AAD4200F220C3 /* AppDelegate.swift */,
				2592BACD246AAD4200F220C3 /* SceneDelegate.swift */,
				2592BAD6246AAD4300F220C3 /* LaunchScreen.storyboard */,
				2592BAD1246AAD4200F220C3 /* Main.storyboard */,
				255719AE246E9EC200F463C8 /* Fonts */,
				2597F09C24766F4100A7E2D5 /* DAO */,
				2560E17D246BFD08001669A3 /* SubClass */,
				2588A94F246D3BCA00F6789C /* Model */,
				2588A94E246D3BBD00F6789C /* View */,
				2588A950246D3BD000F6789C /* Controller */,
			);
			path = TravelAppMobile;
			sourceTree = "<group>";
		};
		2597F09C24766F4100A7E2D5 /* DAO */ = {
			isa = PBXGroup;
			children = (
				2597F09D24766F7800A7E2D5 /* DAOFactory.swift */,
				2597F0A12476702800A7E2D5 /* StructureDAOProtocol.swift */,
				2597F09F2476700D00A7E2D5 /* StructureDAOAWSElasticBeanstalkImpl.swift */,
				2584B6B3247BB59200F2B007 /* ReviewDAOProtocol.swift */,
				2584B6B5247BB5B900F2B007 /* ReviewDAOAWSElasticBeanstalkImpl.swift */,
				2584B6B7247BB5E100F2B007 /* UserDAOProtocol.swift */,
				2584B6B9247BB5F900F2B007 /* UserDAOAWSElasticBeanstalkImpl.swift */,
				25517CCD24AB354700A9756E /* AccessDAOProtocol.swift */,
				25517CD124AB35A600A9756E /* AccessDAOAWSElasticBeanstalkImpl.swift */,
			);
			path = DAO;
			sourceTree = "<group>";
		};
		D54EC28124A0C602005AB51A /* TravelAppMobileTests */ = {
			isa = PBXGroup;
			children = (
				D54EC28224A0C602005AB51A /* TravelAppMobileTests.swift */,
				D54EC28424A0C602005AB51A /* Info.plist */,
			);
			path = TravelAppMobileTests;
			sourceTree = "<group>";
		};
/* End PBXGroup section */

/* Begin PBXNativeTarget section */
		2592BAC7246AAD4200F220C3 /* TravelAppMobile */ = {
			isa = PBXNativeTarget;
			buildConfigurationList = 2592BADC246AAD4300F220C3 /* Build configuration list for PBXNativeTarget "TravelAppMobile" */;
			buildPhases = (
				2592BAC4246AAD4200F220C3 /* Sources */,
				2592BAC5246AAD4200F220C3 /* Frameworks */,
				2592BAC6246AAD4200F220C3 /* Resources */,
			);
			buildRules = (
			);
			dependencies = (
			);
			name = TravelAppMobile;
			productName = TravelAppMobile;
			productReference = 2592BAC8246AAD4200F220C3 /* TravelAppMobile.app */;
			productType = "com.apple.product-type.application";
		};
		D54EC27F24A0C602005AB51A /* TravelAppMobileTests */ = {
			isa = PBXNativeTarget;
			buildConfigurationList = D54EC28724A0C602005AB51A /* Build configuration list for PBXNativeTarget "TravelAppMobileTests" */;
			buildPhases = (
				D54EC27C24A0C602005AB51A /* Sources */,
				D54EC27D24A0C602005AB51A /* Frameworks */,
				D54EC27E24A0C602005AB51A /* Resources */,
			);
			buildRules = (
			);
			dependencies = (
				D54EC28624A0C602005AB51A /* PBXTargetDependency */,
			);
			name = TravelAppMobileTests;
			productName = TravelAppMobileTests;
			productReference = D54EC28024A0C602005AB51A /* TravelAppMobileTests.xctest */;
			productType = "com.apple.product-type.bundle.unit-test";
		};
/* End PBXNativeTarget section */

/* Begin PBXProject section */
		2592BAC0246AAD4200F220C3 /* Project object */ = {
			isa = PBXProject;
			attributes = {
				LastSwiftUpdateCheck = 1150;
				LastUpgradeCheck = 1140;
				ORGANIZATIONNAME = "Ernesto De Crecchio";
				TargetAttributes = {
					2592BAC7246AAD4200F220C3 = {
						CreatedOnToolsVersion = 11.4.1;
					};
					D54EC27F24A0C602005AB51A = {
						CreatedOnToolsVersion = 11.5;
						TestTargetID = 2592BAC7246AAD4200F220C3;
					};
				};
			};
			buildConfigurationList = 2592BAC3246AAD4200F220C3 /* Build configuration list for PBXProject "TravelAppMobile" */;
			compatibilityVersion = "Xcode 9.3";
			developmentRegion = en;
			hasScannedForEncodings = 0;
			knownRegions = (
				en,
				Base,
			);
			mainGroup = 2592BABF246AAD4200F220C3;
			productRefGroup = 2592BAC9246AAD4200F220C3 /* Products */;
			projectDirPath = "";
			projectRoot = "";
			targets = (
				2592BAC7246AAD4200F220C3 /* TravelAppMobile */,
				D54EC27F24A0C602005AB51A /* TravelAppMobileTests */,
			);
		};
/* End PBXProject section */

/* Begin PBXResourcesBuildPhase section */
		2592BAC6246AAD4200F220C3 /* Resources */ = {
			isa = PBXResourcesBuildPhase;
			buildActionMask = 2147483647;
			files = (
				255719B0246E9F0C00F463C8 /* SF-Pro-Display-Semibold.otf in Resources */,
				255719B2246E9F1600F463C8 /* SF-Pro-Display-Bold.otf in Resources */,
				2592BAD8246AAD4300F220C3 /* LaunchScreen.storyboard in Resources */,
				2592BAD5246AAD4300F220C3 /* Assets.xcassets in Resources */,
				2592BAD3246AAD4200F220C3 /* Main.storyboard in Resources */,
			);
			runOnlyForDeploymentPostprocessing = 0;
		};
		D54EC27E24A0C602005AB51A /* Resources */ = {
			isa = PBXResourcesBuildPhase;
			buildActionMask = 2147483647;
			files = (
			);
			runOnlyForDeploymentPostprocessing = 0;
		};
/* End PBXResourcesBuildPhase section */

/* Begin PBXSourcesBuildPhase section */
		2592BAC4246AAD4200F220C3 /* Sources */ = {
			isa = PBXSourcesBuildPhase;
			buildActionMask = 2147483647;
			files = (
				2584B6B6247BB5B900F2B007 /* ReviewDAOAWSElasticBeanstalkImpl.swift in Sources */,
				D53A5F692482BDEA00B67C8C /* Singleton.swift in Sources */,
				D53A5F672482BC0800B67C8C /* WebViewController.swift in Sources */,
				2597F0A02476700D00A7E2D5 /* StructureDAOAWSElasticBeanstalkImpl.swift in Sources */,
				25094136246AB37C0045F135 /* BigStructureCell.swift in Sources */,
				250C253B247529CD000F834D /* ReviewCell.swift in Sources */,
				2592BACC246AAD4200F220C3 /* AppDelegate.swift in Sources */,
				25517CCC24AB329700A9756E /* AccessController.swift in Sources */,
				25ED3A57246F0DAF00A1FBA8 /* StructureDetailController.swift in Sources */,
				2584B6B8247BB5E100F2B007 /* UserDAOProtocol.swift in Sources */,
				25517CCA24AB30DD00A9756E /* AccessViewController.swift in Sources */,
				2592BACE246AAD4200F220C3 /* SceneDelegate.swift in Sources */,
				259029E324795B91008B0C40 /* UIImageCodable.swift in Sources */,
				25094138246AEC5A0045F135 /* ResultsViewController.swift in Sources */,
				2597F0A42476821A00A7E2D5 /* Structure.swift in Sources */,
				D54EC28B24A0C630005AB51A /* GeneralReusables.swift in Sources */,
				25ED3A5D246F0FA000A1FBA8 /* User.swift in Sources */,
				D53A5F652482B7F800B67C8C /* SearchFilterViewController.swift in Sources */,
				2517B4A82473E8E90067B3DB /* HomeTableViewController.swift in Sources */,
				2560EDFD24A2098100464536 /* SearchFilterController.swift in Sources */,
				25ED3A53246F0D9500A1FBA8 /* HomeController.swift in Sources */,
				2584B6B4247BB59200F2B007 /* ReviewDAOProtocol.swift in Sources */,
				2597F09E24766F7800A7E2D5 /* DAOFactory.swift in Sources */,
				25ED3A55246F0DA100A1FBA8 /* ResultsController.swift in Sources */,
				25517CCE24AB354700A9756E /* AccessDAOProtocol.swift in Sources */,
				2584B6BA247BB5F900F2B007 /* UserDAOAWSElasticBeanstalkImpl.swift in Sources */,
				2597F0A22476702800A7E2D5 /* StructureDAOProtocol.swift in Sources */,
				25ED3A5B246F0F9700A1FBA8 /* Review.swift in Sources */,
				253B8E522473C5B700C346F2 /* LittleStructureCell.swift in Sources */,
				2560E17F246BFD36001669A3 /* ShadowRoundedImageView.swift in Sources */,
				D5F68470247D721C00FA5F58 /* ProfileViewController.swift in Sources */,
				25167373247456C70096FC5D /* StructureDetailViewController.swift in Sources */,
				25517CD224AB35A600A9756E /* AccessDAOAWSElasticBeanstalkImpl.swift in Sources */,
				250C253D24754392000F834D /* ReviewDetailViewController.swift in Sources */,
			);
			runOnlyForDeploymentPostprocessing = 0;
		};
		D54EC27C24A0C602005AB51A /* Sources */ = {
			isa = PBXSourcesBuildPhase;
			buildActionMask = 2147483647;
			files = (
				D54EC28324A0C602005AB51A /* TravelAppMobileTests.swift in Sources */,
				D54EC28E24A0C713005AB51A /* GeneralReusables.swift in Sources */,
			);
			runOnlyForDeploymentPostprocessing = 0;
		};
/* End PBXSourcesBuildPhase section */

/* Begin PBXTargetDependency section */
		D54EC28624A0C602005AB51A /* PBXTargetDependency */ = {
			isa = PBXTargetDependency;
			target = 2592BAC7246AAD4200F220C3 /* TravelAppMobile */;
			targetProxy = D54EC28524A0C602005AB51A /* PBXContainerItemProxy */;
		};
/* End PBXTargetDependency section */

/* Begin PBXVariantGroup section */
		2592BAD1246AAD4200F220C3 /* Main.storyboard */ = {
			isa = PBXVariantGroup;
			children = (
				2592BAD2246AAD4200F220C3 /* Base */,
			);
			name = Main.storyboard;
			sourceTree = "<group>";
		};
		2592BAD6246AAD4300F220C3 /* LaunchScreen.storyboard */ = {
			isa = PBXVariantGroup;
			children = (
				2592BAD7246AAD4300F220C3 /* Base */,
			);
			name = LaunchScreen.storyboard;
			sourceTree = "<group>";
		};
/* End PBXVariantGroup section */

/* Begin XCBuildConfiguration section */
		2592BADA246AAD4300F220C3 /* Debug */ = {
			isa = XCBuildConfiguration;
			buildSettings = {
				ALWAYS_SEARCH_USER_PATHS = NO;
				CLANG_ANALYZER_NONNULL = YES;
				CLANG_ANALYZER_NUMBER_OBJECT_CONVERSION = YES_AGGRESSIVE;
				CLANG_CXX_LANGUAGE_STANDARD = "gnu++14";
				CLANG_CXX_LIBRARY = "libc++";
				CLANG_ENABLE_MODULES = YES;
				CLANG_ENABLE_OBJC_ARC = YES;
				CLANG_ENABLE_OBJC_WEAK = YES;
				CLANG_WARN_BLOCK_CAPTURE_AUTORELEASING = YES;
				CLANG_WARN_BOOL_CONVERSION = YES;
				CLANG_WARN_COMMA = YES;
				CLANG_WARN_CONSTANT_CONVERSION = YES;
				CLANG_WARN_DEPRECATED_OBJC_IMPLEMENTATIONS = YES;
				CLANG_WARN_DIRECT_OBJC_ISA_USAGE = YES_ERROR;
				CLANG_WARN_DOCUMENTATION_COMMENTS = YES;
				CLANG_WARN_EMPTY_BODY = YES;
				CLANG_WARN_ENUM_CONVERSION = YES;
				CLANG_WARN_INFINITE_RECURSION = YES;
				CLANG_WARN_INT_CONVERSION = YES;
				CLANG_WARN_NON_LITERAL_NULL_CONVERSION = YES;
				CLANG_WARN_OBJC_IMPLICIT_RETAIN_SELF = YES;
				CLANG_WARN_OBJC_LITERAL_CONVERSION = YES;
				CLANG_WARN_OBJC_ROOT_CLASS = YES_ERROR;
				CLANG_WARN_RANGE_LOOP_ANALYSIS = YES;
				CLANG_WARN_STRICT_PROTOTYPES = YES;
				CLANG_WARN_SUSPICIOUS_MOVE = YES;
				CLANG_WARN_UNGUARDED_AVAILABILITY = YES_AGGRESSIVE;
				CLANG_WARN_UNREACHABLE_CODE = YES;
				CLANG_WARN__DUPLICATE_METHOD_MATCH = YES;
				COPY_PHASE_STRIP = NO;
				DEBUG_INFORMATION_FORMAT = dwarf;
				ENABLE_STRICT_OBJC_MSGSEND = YES;
				ENABLE_TESTABILITY = YES;
				GCC_C_LANGUAGE_STANDARD = gnu11;
				GCC_DYNAMIC_NO_PIC = NO;
				GCC_NO_COMMON_BLOCKS = YES;
				GCC_OPTIMIZATION_LEVEL = 0;
				GCC_PREPROCESSOR_DEFINITIONS = (
					"DEBUG=1",
					"$(inherited)",
				);
				GCC_WARN_64_TO_32_BIT_CONVERSION = YES;
				GCC_WARN_ABOUT_RETURN_TYPE = YES_ERROR;
				GCC_WARN_UNDECLARED_SELECTOR = YES;
				GCC_WARN_UNINITIALIZED_AUTOS = YES_AGGRESSIVE;
				GCC_WARN_UNUSED_FUNCTION = YES;
				GCC_WARN_UNUSED_VARIABLE = YES;
				IPHONEOS_DEPLOYMENT_TARGET = 13.4;
				MTL_ENABLE_DEBUG_INFO = INCLUDE_SOURCE;
				MTL_FAST_MATH = YES;
				ONLY_ACTIVE_ARCH = YES;
				SDKROOT = iphoneos;
				SWIFT_ACTIVE_COMPILATION_CONDITIONS = DEBUG;
				SWIFT_OPTIMIZATION_LEVEL = "-Onone";
			};
			name = Debug;
		};
		2592BADB246AAD4300F220C3 /* Release */ = {
			isa = XCBuildConfiguration;
			buildSettings = {
				ALWAYS_SEARCH_USER_PATHS = NO;
				CLANG_ANALYZER_NONNULL = YES;
				CLANG_ANALYZER_NUMBER_OBJECT_CONVERSION = YES_AGGRESSIVE;
				CLANG_CXX_LANGUAGE_STANDARD = "gnu++14";
				CLANG_CXX_LIBRARY = "libc++";
				CLANG_ENABLE_MODULES = YES;
				CLANG_ENABLE_OBJC_ARC = YES;
				CLANG_ENABLE_OBJC_WEAK = YES;
				CLANG_WARN_BLOCK_CAPTURE_AUTORELEASING = YES;
				CLANG_WARN_BOOL_CONVERSION = YES;
				CLANG_WARN_COMMA = YES;
				CLANG_WARN_CONSTANT_CONVERSION = YES;
				CLANG_WARN_DEPRECATED_OBJC_IMPLEMENTATIONS = YES;
				CLANG_WARN_DIRECT_OBJC_ISA_USAGE = YES_ERROR;
				CLANG_WARN_DOCUMENTATION_COMMENTS = YES;
				CLANG_WARN_EMPTY_BODY = YES;
				CLANG_WARN_ENUM_CONVERSION = YES;
				CLANG_WARN_INFINITE_RECURSION = YES;
				CLANG_WARN_INT_CONVERSION = YES;
				CLANG_WARN_NON_LITERAL_NULL_CONVERSION = YES;
				CLANG_WARN_OBJC_IMPLICIT_RETAIN_SELF = YES;
				CLANG_WARN_OBJC_LITERAL_CONVERSION = YES;
				CLANG_WARN_OBJC_ROOT_CLASS = YES_ERROR;
				CLANG_WARN_RANGE_LOOP_ANALYSIS = YES;
				CLANG_WARN_STRICT_PROTOTYPES = YES;
				CLANG_WARN_SUSPICIOUS_MOVE = YES;
				CLANG_WARN_UNGUARDED_AVAILABILITY = YES_AGGRESSIVE;
				CLANG_WARN_UNREACHABLE_CODE = YES;
				CLANG_WARN__DUPLICATE_METHOD_MATCH = YES;
				COPY_PHASE_STRIP = NO;
				DEBUG_INFORMATION_FORMAT = "dwarf-with-dsym";
				ENABLE_NS_ASSERTIONS = NO;
				ENABLE_STRICT_OBJC_MSGSEND = YES;
				GCC_C_LANGUAGE_STANDARD = gnu11;
				GCC_NO_COMMON_BLOCKS = YES;
				GCC_WARN_64_TO_32_BIT_CONVERSION = YES;
				GCC_WARN_ABOUT_RETURN_TYPE = YES_ERROR;
				GCC_WARN_UNDECLARED_SELECTOR = YES;
				GCC_WARN_UNINITIALIZED_AUTOS = YES_AGGRESSIVE;
				GCC_WARN_UNUSED_FUNCTION = YES;
				GCC_WARN_UNUSED_VARIABLE = YES;
				IPHONEOS_DEPLOYMENT_TARGET = 13.4;
				MTL_ENABLE_DEBUG_INFO = NO;
				MTL_FAST_MATH = YES;
				SDKROOT = iphoneos;
				SWIFT_COMPILATION_MODE = wholemodule;
				SWIFT_OPTIMIZATION_LEVEL = "-O";
				VALIDATE_PRODUCT = YES;
			};
			name = Release;
		};
		2592BADD246AAD4300F220C3 /* Debug */ = {
			isa = XCBuildConfiguration;
			buildSettings = {
				ASSETCATALOG_COMPILER_APPICON_NAME = AppIcon;
				CODE_SIGN_STYLE = Automatic;
				DEVELOPMENT_TEAM = 6NHZGWQ43K;
				INFOPLIST_FILE = TravelAppMobile/Info.plist;
				LD_RUNPATH_SEARCH_PATHS = (
					"$(inherited)",
					"@executable_path/Frameworks",
				);
				PRODUCT_BUNDLE_IDENTIFIER = ernestodecrecchio.TravelAppMobile;
				PRODUCT_NAME = "$(TARGET_NAME)";
				SWIFT_VERSION = 5.0;
				TARGETED_DEVICE_FAMILY = "1,2";
			};
			name = Debug;
		};
		2592BADE246AAD4300F220C3 /* Release */ = {
			isa = XCBuildConfiguration;
			buildSettings = {
				ASSETCATALOG_COMPILER_APPICON_NAME = AppIcon;
				CODE_SIGN_STYLE = Automatic;
				DEVELOPMENT_TEAM = 6NHZGWQ43K;
				INFOPLIST_FILE = TravelAppMobile/Info.plist;
				LD_RUNPATH_SEARCH_PATHS = (
					"$(inherited)",
					"@executable_path/Frameworks",
				);
				PRODUCT_BUNDLE_IDENTIFIER = ernestodecrecchio.TravelAppMobile;
				PRODUCT_NAME = "$(TARGET_NAME)";
				SWIFT_VERSION = 5.0;
				TARGETED_DEVICE_FAMILY = "1,2";
			};
			name = Release;
		};
		D54EC28824A0C602005AB51A /* Debug */ = {
			isa = XCBuildConfiguration;
			buildSettings = {
				BUNDLE_LOADER = "$(TEST_HOST)";
				CODE_SIGN_STYLE = Automatic;
				DEVELOPMENT_TEAM = R5M755L7D9;
				INFOPLIST_FILE = TravelAppMobileTests/Info.plist;
				IPHONEOS_DEPLOYMENT_TARGET = 13.5;
				LD_RUNPATH_SEARCH_PATHS = (
					"$(inherited)",
					"@executable_path/Frameworks",
					"@loader_path/Frameworks",
				);
				PRODUCT_BUNDLE_IDENTIFIER = PieroJuniorGaetani.TravelAppMobileTests;
				PRODUCT_NAME = "$(TARGET_NAME)";
				SWIFT_VERSION = 5.0;
				TARGETED_DEVICE_FAMILY = "1,2";
				TEST_HOST = "$(BUILT_PRODUCTS_DIR)/TravelAppMobile.app/TravelAppMobile";
			};
			name = Debug;
		};
		D54EC28924A0C602005AB51A /* Release */ = {
			isa = XCBuildConfiguration;
			buildSettings = {
				BUNDLE_LOADER = "$(TEST_HOST)";
				CODE_SIGN_STYLE = Automatic;
				DEVELOPMENT_TEAM = R5M755L7D9;
				INFOPLIST_FILE = TravelAppMobileTests/Info.plist;
				IPHONEOS_DEPLOYMENT_TARGET = 13.5;
				LD_RUNPATH_SEARCH_PATHS = (
					"$(inherited)",
					"@executable_path/Frameworks",
					"@loader_path/Frameworks",
				);
				PRODUCT_BUNDLE_IDENTIFIER = PieroJuniorGaetani.TravelAppMobileTests;
				PRODUCT_NAME = "$(TARGET_NAME)";
				SWIFT_VERSION = 5.0;
				TARGETED_DEVICE_FAMILY = "1,2";
				TEST_HOST = "$(BUILT_PRODUCTS_DIR)/TravelAppMobile.app/TravelAppMobile";
			};
			name = Release;
		};
/* End XCBuildConfiguration section */

/* Begin XCConfigurationList section */
		2592BAC3246AAD4200F220C3 /* Build configuration list for PBXProject "TravelAppMobile" */ = {
			isa = XCConfigurationList;
			buildConfigurations = (
				2592BADA246AAD4300F220C3 /* Debug */,
				2592BADB246AAD4300F220C3 /* Release */,
			);
			defaultConfigurationIsVisible = 0;
			defaultConfigurationName = Release;
		};
		2592BADC246AAD4300F220C3 /* Build configuration list for PBXNativeTarget "TravelAppMobile" */ = {
			isa = XCConfigurationList;
			buildConfigurations = (
				2592BADD246AAD4300F220C3 /* Debug */,
				2592BADE246AAD4300F220C3 /* Release */,
			);
			defaultConfigurationIsVisible = 0;
			defaultConfigurationName = Release;
		};
		D54EC28724A0C602005AB51A /* Build configuration list for PBXNativeTarget "TravelAppMobileTests" */ = {
			isa = XCConfigurationList;
			buildConfigurations = (
				D54EC28824A0C602005AB51A /* Debug */,
				D54EC28924A0C602005AB51A /* Release */,
			);
			defaultConfigurationIsVisible = 0;
			defaultConfigurationName = Release;
		};
/* End XCConfigurationList section */
	};
	rootObject = 2592BAC0246AAD4200F220C3 /* Project object */;
}
